lockfileVersion: "9.0"

settings:
  autoInstallPeers: true
  excludeLinksFromLockfile: false

importers:
  .:
    dependencies:
      chalk:
        specifier: ^5.3.0
        version: 5.3.0
      figlet:
        specifier: ^1.7.0
        version: 1.7.0
    devDependencies:
      "@types/figlet":
        specifier: ^1.5.8
        version: 1.5.8
      "@types/node":
        specifier: ^22.5.5
        version: 22.5.5
      prettier:
        specifier: ^3.3.3
        version: 3.3.3
      typescript:
        specifier: ^5.6.2
        version: 5.6.2

packages:
  "@types/figlet@1.5.8":
    resolution:
      {
        integrity: sha512-G22AUvy4Tl95XLE7jmUM8s8mKcoz+Hr+Xm9W90gJsppJq9f9tHvOGkrpn4gRX0q/cLtBdNkWtWCKDg2UDZoZvQ==,
      }

  "@types/node@22.5.5":
    resolution:
      {
        integrity: sha512-Xjs4y5UPO/CLdzpgR6GirZJx36yScjh73+2NlLlkFRSoQN8B0DpfXPdZGnvVmLRLOsqDpOfTNv7D9trgGhmOIA==,
      }

  chalk@5.3.0:
    resolution:
      {
        integrity: sha512-dLitG79d+GV1Nb/VYcCDFivJeK1hiukt9QjRNVOsUtTy1rR1YJsmpGGTZ3qJos+uw7WmWF4wUwBd9jxjocFC2w==,
      }
    engines: { node: ^12.17.0 || ^14.13 || >=16.0.0 }

  figlet@1.7.0:
    resolution:
      {
        integrity: sha512-gO8l3wvqo0V7wEFLXPbkX83b7MVjRrk1oRLfYlZXol8nEpb/ON9pcKLI4qpBv5YtOTfrINtqb7b40iYY2FTWFg==,
      }
    engines: { node: ">= 0.4.0" }
    hasBin: true

  prettier@3.3.3:
    resolution:
      {
        integrity: sha512-i2tDNA0O5IrMO757lfrdQZCc2jPNDVntV0m/+4whiDfWaTKfMNgR7Qz0NAeGz/nRqF4m5/6CLzbP4/liHt12Ew==,
      }
    engines: { node: ">=14" }
    hasBin: true

  typescript@5.6.2:
    resolution:
      {
        integrity: sha512-NW8ByodCSNCwZeghjN3o+JX5OFH0Ojg6sadjEKY4huZ52TqbJTJnDo5+Tw98lSy63NZvi4n+ez5m2u5d4PkZyw==,
      }
    engines: { node: ">=14.17" }
    hasBin: true

  undici-types@6.19.8:
    resolution:
      {
        integrity: sha512-ve2KP6f/JnbPBFyobGHuerC9g1FYGn/F8n1LWTwNxCEzd6IfqTwUQcNXgEtmmQ6DlRrC1hrSrBnCZPokRrDHjw==,
      }

snapshots:
  "@types/figlet@1.5.8": {}

  "@types/node@22.5.5":
    dependencies:
      undici-types: 6.19.8

  chalk@5.3.0: {}

  figlet@1.7.0: {}

  prettier@3.3.3: {}

  typescript@5.6.2: {}

  undici-types@6.19.8: {}
